<?xml version="1.0" encoding="utf-8"?>
<Project ToolsVersion="18.0" xmlns="http://schemas.microsoft.com/developer/msbuild/2003">
  <ItemGroup>
    <CustomBuild Include="C:\Users\WanYan\Desktop\stm32\2\emo-desk-robot-server\build-zoo-check\CMakeFiles\c3eb60739da55f660df32f4e57f7a915\PACKAGE_force.rule">
      <Filter>CMake Rules</Filter>
    </CustomBuild>
  </ItemGroup>
  <ItemGroup>
    <Filter Include="CMake Rules">
      <UniqueIdentifier>{CA48D393-C25B-36CB-AADE-2DA586426E00}</UniqueIdentifier>
    </Filter>
  </ItemGroup>
</Project>
